
Microsoft Visual Studio Solution File, Format Version 12.00
# Visual Studio 2013
Project("{FAE04EC0-301F-11D3-BF4B-00C04F79EFBC}") = "TestMxlUnity.CSharp", "TestMxlUnity.CSharp.csproj", "{CFC7EB1E-3FD6-4678-8A8B-95B5E8C0EC76}"
EndProject
Global
	GlobalSection(SolutionConfigurationPlatforms) = preSolution
		Debug|Any CPU = Debug|Any CPU
		Release|Any CPU = Release|Any CPU
	EndGlobalSection
	GlobalSection(ProjectConfigurationPlatforms) = postSolution
		{CFC7EB1E-3FD6-4678-8A8B-95B5E8C0EC76}.Debug|Any CPU.ActiveCfg = Debug|Any CPU
		{CFC7EB1E-3FD6-4678-8A8B-95B5E8C0EC76}.Debug|Any CPU.Build.0 = Debug|Any CPU
		{CFC7EB1E-3FD6-4678-8A8B-95B5E8C0EC76}.Release|Any CPU.ActiveCfg = Release|Any CPU
		{CFC7EB1E-3FD6-4678-8A8B-95B5E8C0EC76}.Release|Any CPU.Build.0 = Release|Any CPU
	EndGlobalSection
	GlobalSection(SolutionProperties) = preSolution
		HideSolutionNode = FALSE
	EndGlobalSection
EndGlobal
